
Microsoft Visual Studio Solution File, Format Version 12.00
# Visual Studio Version 17
VisualStudioVersion = 17.4.33122.133
MinimumVisualStudioVersion = 10.0.40219.1
Project("{9A19103F-16F7-4668-BE54-9A1E7A4F7556}") = "Automation.Core", "Automation.Core\Automation.Core.csproj", "{9DA399D7-B227-4E2B-8E3E-EE2013AAC7FA}"
EndProject
Project("{2150E333-8FDC-42A3-9474-1A3956D46DE8}") = "Solution Items", "Solution Items", "{E4425BB5-653B-43D6-9CA4-B83E566D7D8F}"
EndProject
Project("{9A19103F-16F7-4668-BE54-9A1E7A4F7556}") = "Automation.TestApp.Core", "Automation.TestApp.Core\Automation.TestApp.Core.csproj", "{C8EED5BE-F468-4168-B792-085AC75860B5}"
	ProjectSection(ProjectDependencies) = postProject
		{9DA399D7-B227-4E2B-8E3E-EE2013AAC7FA} = {9DA399D7-B227-4E2B-8E3E-EE2013AAC7FA}
	EndProjectSection
EndProject
Project("{9A19103F-16F7-4668-BE54-9A1E7A4F7556}") = "Automation.TestApp.Tests.UI", "Automation.TestApp.Tests.UI\Automation.TestApp.Tests.UI.csproj", "{CE17C873-7A49-45FD-B02B-64C51331A784}"
	ProjectSection(ProjectDependencies) = postProject
		{9DA399D7-B227-4E2B-8E3E-EE2013AAC7FA} = {9DA399D7-B227-4E2B-8E3E-EE2013AAC7FA}
		{C8EED5BE-F468-4168-B792-085AC75860B5} = {C8EED5BE-F468-4168-B792-085AC75860B5}
	EndProjectSection
EndProject
Global
	GlobalSection(SolutionConfigurationPlatforms) = preSolution
		Debug|Any CPU = Debug|Any CPU
		Release|Any CPU = Release|Any CPU
	EndGlobalSection
	GlobalSection(ProjectConfigurationPlatforms) = postSolution
		{9DA399D7-B227-4E2B-8E3E-EE2013AAC7FA}.Debug|Any CPU.ActiveCfg = Debug|Any CPU
		{9DA399D7-B227-4E2B-8E3E-EE2013AAC7FA}.Debug|Any CPU.Build.0 = Debug|Any CPU
		{9DA399D7-B227-4E2B-8E3E-EE2013AAC7FA}.Release|Any CPU.ActiveCfg = Release|Any CPU
		{9DA399D7-B227-4E2B-8E3E-EE2013AAC7FA}.Release|Any CPU.Build.0 = Release|Any CPU
		{C8EED5BE-F468-4168-B792-085AC75860B5}.Debug|Any CPU.ActiveCfg = Debug|Any CPU
		{C8EED5BE-F468-4168-B792-085AC75860B5}.Debug|Any CPU.Build.0 = Debug|Any CPU
		{C8EED5BE-F468-4168-B792-085AC75860B5}.Release|Any CPU.ActiveCfg = Release|Any CPU
		{C8EED5BE-F468-4168-B792-085AC75860B5}.Release|Any CPU.Build.0 = Release|Any CPU
		{CE17C873-7A49-45FD-B02B-64C51331A784}.Debug|Any CPU.ActiveCfg = Debug|Any CPU
		{CE17C873-7A49-45FD-B02B-64C51331A784}.Debug|Any CPU.Build.0 = Debug|Any CPU
		{CE17C873-7A49-45FD-B02B-64C51331A784}.Release|Any CPU.ActiveCfg = Release|Any CPU
		{CE17C873-7A49-45FD-B02B-64C51331A784}.Release|Any CPU.Build.0 = Release|Any CPU
	EndGlobalSection
	GlobalSection(SolutionProperties) = preSolution
		HideSolutionNode = FALSE
	EndGlobalSection
	GlobalSection(ExtensibilityGlobals) = postSolution
		SolutionGuid = {5B7CCC44-8ECE-4ADA-A146-FE8C7B92E8C9}
	EndGlobalSection
EndGlobal
